
Microsoft Visual Studio Solution File, Format Version 12.00
# Visual Studio 15
VisualStudioVersion = 15.0.28307.572
MinimumVisualStudioVersion = 10.0.40219.1
Project("{888888A0-9F3D-457C-B088-3A5042F75D52}") = "NLP Pipeline", "NLP Pipeline\NLP Pipeline.pyproj", "{8A179C56-0902-40EC-B538-0333E933C783}"
EndProject
Global
	GlobalSection(SolutionConfigurationPlatforms) = preSolution
		Debug|Any CPU = Debug|Any CPU
		Release|Any CPU = Release|Any CPU
	EndGlobalSection
	GlobalSection(ProjectConfigurationPlatforms) = postSolution
		{8A179C56-0902-40EC-B538-0333E933C783}.Debug|Any CPU.ActiveCfg = Debug|Any CPU
		{8A179C56-0902-40EC-B538-0333E933C783}.Release|Any CPU.ActiveCfg = Release|Any CPU
	EndGlobalSection
	GlobalSection(SolutionProperties) = preSolution
		HideSolutionNode = FALSE
	EndGlobalSection
	GlobalSection(ExtensibilityGlobals) = postSolution
		SolutionGuid = {C1308673-8963-45AE-B376-2F5EC8713BCD}
	EndGlobalSection
EndGlobal
